
Microsoft Visual Studio Solution File, Format Version 12.00
# Visual Studio Version 17
VisualStudioVersion = 17.11.35303.130
MinimumVisualStudioVersion = 10.0.40219.1
Project("{2150E333-8FDC-42A3-9474-1A3956D46DE8}") = "Task0", "Task0", "{13162278-8A35-4235-9C4C-53B27E7727AB}"
EndProject
Project("{9A19103F-16F7-4668-BE54-9A1E7A4F7556}") = "Tyuiu.TalalaevaAV.Sprint4.Task0.V23", "Tyuiu.TalalaevaAV.Sprint4.Task0.V23\Tyuiu.TalalaevaAV.Sprint4.Task0.V23.csproj", "{AA99D748-E456-4852-BDDC-414D2A6AECE7}"
EndProject
Project("{9A19103F-16F7-4668-BE54-9A1E7A4F7556}") = "Tyuiu.TalalaevaAV.Sprint4.Task0.V23.Lib", "Tyuiu.TalalaevaAV.Sprint4.Task0.V23.Lib\Tyuiu.TalalaevaAV.Sprint4.Task0.V23.Lib.csproj", "{3E989D18-4B3C-4348-8833-012E537BF6C7}"
EndProject
Project("{9A19103F-16F7-4668-BE54-9A1E7A4F7556}") = "Tyuiu.TalalaevaAV.Sprint4.Task0.V23.Test", "Tyuiu.TalalaevaAV.Sprint4.Task0.V23.Test\Tyuiu.TalalaevaAV.Sprint4.Task0.V23.Test.csproj", "{5D88C4F3-8452-4533-8D69-C0BB1BE01B78}"
EndProject
Project("{2150E333-8FDC-42A3-9474-1A3956D46DE8}") = "Task1", "Task1", "{9AD747BA-B883-4B7E-98AC-BA9D2491412F}"
EndProject
Project("{FAE04EC0-301F-11D3-BF4B-00C04F79EFBC}") = "Tyuiu.TalalaevaAV.Sprint4.Task1.V23", "Tyuiu.TalalaevaAV.Sprint4.Task1.V23\Tyuiu.TalalaevaAV.Sprint4.Task1.V23.csproj", "{10F7A573-3528-43AE-AD07-9D9D436D68CD}"
EndProject
Project("{FAE04EC0-301F-11D3-BF4B-00C04F79EFBC}") = "Tyuiu.TalalaevaAV.Sprint4.Task1.V23.Lib", "Tyuiu.TalalaevaAV.Sprint4.Task1.V23.Lib\Tyuiu.TalalaevaAV.Sprint4.Task1.V23.Lib.csproj", "{289379EA-A69B-4E02-8AD0-235D3DDEC5FD}"
EndProject
Project("{FAE04EC0-301F-11D3-BF4B-00C04F79EFBC}") = "Tyuiu.TalalaevaAV.Sprint4.Task1.V23.Test", "Tyuiu.TalalaevaAV.Sprint4.Task1.V23.Test\Tyuiu.TalalaevaAV.Sprint4.Task1.V23.Test.csproj", "{37D8B867-0108-487A-8027-59069B63A8FC}"
EndProject
Global
	GlobalSection(SolutionConfigurationPlatforms) = preSolution
		Debug|Any CPU = Debug|Any CPU
		Release|Any CPU = Release|Any CPU
	EndGlobalSection
	GlobalSection(ProjectConfigurationPlatforms) = postSolution
		{AA99D748-E456-4852-BDDC-414D2A6AECE7}.Debug|Any CPU.ActiveCfg = Debug|Any CPU
		{AA99D748-E456-4852-BDDC-414D2A6AECE7}.Debug|Any CPU.Build.0 = Debug|Any CPU
		{AA99D748-E456-4852-BDDC-414D2A6AECE7}.Release|Any CPU.ActiveCfg = Release|Any CPU
		{AA99D748-E456-4852-BDDC-414D2A6AECE7}.Release|Any CPU.Build.0 = Release|Any CPU
		{3E989D18-4B3C-4348-8833-012E537BF6C7}.Debug|Any CPU.ActiveCfg = Debug|Any CPU
		{3E989D18-4B3C-4348-8833-012E537BF6C7}.Debug|Any CPU.Build.0 = Debug|Any CPU
		{3E989D18-4B3C-4348-8833-012E537BF6C7}.Release|Any CPU.ActiveCfg = Release|Any CPU
		{3E989D18-4B3C-4348-8833-012E537BF6C7}.Release|Any CPU.Build.0 = Release|Any CPU
		{5D88C4F3-8452-4533-8D69-C0BB1BE01B78}.Debug|Any CPU.ActiveCfg = Debug|Any CPU
		{5D88C4F3-8452-4533-8D69-C0BB1BE01B78}.Debug|Any CPU.Build.0 = Debug|Any CPU
		{5D88C4F3-8452-4533-8D69-C0BB1BE01B78}.Release|Any CPU.ActiveCfg = Release|Any CPU
		{5D88C4F3-8452-4533-8D69-C0BB1BE01B78}.Release|Any CPU.Build.0 = Release|Any CPU
		{10F7A573-3528-43AE-AD07-9D9D436D68CD}.Debug|Any CPU.ActiveCfg = Debug|Any CPU
		{10F7A573-3528-43AE-AD07-9D9D436D68CD}.Debug|Any CPU.Build.0 = Debug|Any CPU
		{10F7A573-3528-43AE-AD07-9D9D436D68CD}.Release|Any CPU.ActiveCfg = Release|Any CPU
		{10F7A573-3528-43AE-AD07-9D9D436D68CD}.Release|Any CPU.Build.0 = Release|Any CPU
		{289379EA-A69B-4E02-8AD0-235D3DDEC5FD}.Debug|Any CPU.ActiveCfg = Debug|Any CPU
		{289379EA-A69B-4E02-8AD0-235D3DDEC5FD}.Debug|Any CPU.Build.0 = Debug|Any CPU
		{289379EA-A69B-4E02-8AD0-235D3DDEC5FD}.Release|Any CPU.ActiveCfg = Release|Any CPU
		{289379EA-A69B-4E02-8AD0-235D3DDEC5FD}.Release|Any CPU.Build.0 = Release|Any CPU
		{37D8B867-0108-487A-8027-59069B63A8FC}.Debug|Any CPU.ActiveCfg = Debug|Any CPU
		{37D8B867-0108-487A-8027-59069B63A8FC}.Debug|Any CPU.Build.0 = Debug|Any CPU
		{37D8B867-0108-487A-8027-59069B63A8FC}.Release|Any CPU.ActiveCfg = Release|Any CPU
		{37D8B867-0108-487A-8027-59069B63A8FC}.Release|Any CPU.Build.0 = Release|Any CPU
	EndGlobalSection
	GlobalSection(SolutionProperties) = preSolution
		HideSolutionNode = FALSE
	EndGlobalSection
	GlobalSection(NestedProjects) = preSolution
		{AA99D748-E456-4852-BDDC-414D2A6AECE7} = {13162278-8A35-4235-9C4C-53B27E7727AB}
		{3E989D18-4B3C-4348-8833-012E537BF6C7} = {13162278-8A35-4235-9C4C-53B27E7727AB}
		{5D88C4F3-8452-4533-8D69-C0BB1BE01B78} = {13162278-8A35-4235-9C4C-53B27E7727AB}
		{10F7A573-3528-43AE-AD07-9D9D436D68CD} = {9AD747BA-B883-4B7E-98AC-BA9D2491412F}
		{289379EA-A69B-4E02-8AD0-235D3DDEC5FD} = {9AD747BA-B883-4B7E-98AC-BA9D2491412F}
		{37D8B867-0108-487A-8027-59069B63A8FC} = {9AD747BA-B883-4B7E-98AC-BA9D2491412F}
	EndGlobalSection
	GlobalSection(ExtensibilityGlobals) = postSolution
		SolutionGuid = {679147EC-47B6-4895-A85B-2863DFC57D53}
	EndGlobalSection
EndGlobal
